# Code generated by scarb DO NOT EDIT.
version = 1

[[package]]
name = "alexandria_math"
version = "0.2.1"
source = "git+https://github.com/keep-starknet-strange/alexandria.git?rev=8208871#82088715b454d8cf197b9c54c31525ca0cb57a05"

[[package]]
name = "ekubo"
version = "0.1.0"
source = "git+https://github.com/ekuboprotocol/abis?rev=edb6de8#edb6de8c9baf515f1053bbab3d86825d54a63bc3"

[[package]]
name = "openzeppelin_account"
version = "0.18.0"
source = "registry+https://scarbs.xyz/"
checksum = "sha256:83e6571cac4c67049c8d0ab4e3c7ad146d582d7605e7354248835833e1d26c4a"
dependencies = [
 "openzeppelin_introspection",
 "openzeppelin_utils",
]

[[package]]
name = "openzeppelin_introspection"
version = "0.18.0"
source = "registry+https://scarbs.xyz/"
checksum = "sha256:46c4cc6c95c9baa4c7d5cc0ed2bdaf334f46c25a8c92b3012829fff936e3042b"

[[package]]
name = "openzeppelin_security"
version = "0.18.0"
source = "registry+https://scarbs.xyz/"
checksum = "sha256:1db3a41e02ed48806587981340ed01ee7d552c3ad52cb33a6d81c1ed5cba9ee0"

[[package]]
name = "openzeppelin_token"
version = "0.18.0"
source = "registry+https://scarbs.xyz/"
checksum = "sha256:eafbe13f6a0487ce212459e25a81ae07f340ba76208ad4616626eb2d25a9625e"
dependencies = [
 "openzeppelin_account",
 "openzeppelin_introspection",
 "openzeppelin_utils",
]

[[package]]
name = "openzeppelin_upgrades"
version = "0.18.0"
source = "registry+https://scarbs.xyz/"
checksum = "sha256:33c9d0865364fc18a5e7b471fe53c3b0f3e0aec56a94f435089638fad2a4a35b"

[[package]]
name = "openzeppelin_utils"
version = "0.18.0"
source = "registry+https://scarbs.xyz/"
checksum = "sha256:725b212839f3eddc32791408609099c5e808c167ca0cf331d8c1d778b07a4e21"

[[package]]
name = "pragma_lib"
version = "1.0.0"
source = "git+https://github.com/astraly-labs/pragma-lib?tag=2.8.2#86d7ccdc15b349b8b48d9796fc8464c947bea6e1"

[[package]]
name = "snforge_scarb_plugin"
version = "0.32.0"
source = "git+https://github.com/foundry-rs/starknet-foundry.git?tag=v0.32.0#3817c903b640201c72e743b9bbe70a97149828a2"

[[package]]
name = "snforge_std"
version = "0.32.0"
source = "git+https://github.com/foundry-rs/starknet-foundry.git?tag=v0.32.0#3817c903b640201c72e743b9bbe70a97149828a2"
dependencies = [
 "snforge_scarb_plugin",
]

[[package]]
name = "spotnet"
version = "0.1.0"
dependencies = [
 "alexandria_math",
 "ekubo",
 "openzeppelin_security",
 "openzeppelin_token",
 "openzeppelin_upgrades",
 "pragma_lib",
 "snforge_std",
]
