# Code generated by scarb DO NOT EDIT.
version = 1

[[package]]
name = "alexandria_math"
version = "0.2.1"
source = "git+https://github.com/keep-starknet-strange/alexandria.git#74cafd429eef374730f2c6fed9a74753103c6fdb"

[[package]]
name = "ekubo"
version = "0.1.0"
source = "git+https://github.com/ekuboprotocol/abis?rev=edb6de8#edb6de8c9baf515f1053bbab3d86825d54a63bc3"

[[package]]
name = "margin"
version = "0.1.0"
dependencies = [
 "alexandria_math",
 "ekubo",
 "openzeppelin",
 "pragma_lib",
 "snforge_std",
]

[[package]]
name = "openzeppelin"
version = "1.0.0"
source = "git+https://github.com/OpenZeppelin/cairo-contracts.git#88083c4c2a1096ddff766b5d28d89dce6d090f3d"
dependencies = [
 "openzeppelin_access",
 "openzeppelin_account",
 "openzeppelin_finance",
 "openzeppelin_governance",
 "openzeppelin_introspection",
 "openzeppelin_merkle_tree",
 "openzeppelin_presets",
 "openzeppelin_security",
 "openzeppelin_token",
 "openzeppelin_upgrades",
 "openzeppelin_utils",
]

[[package]]
name = "openzeppelin_access"
version = "1.0.0"
source = "git+https://github.com/OpenZeppelin/cairo-contracts.git#88083c4c2a1096ddff766b5d28d89dce6d090f3d"
dependencies = [
 "openzeppelin_introspection",
]

[[package]]
name = "openzeppelin_account"
version = "1.0.0"
source = "git+https://github.com/OpenZeppelin/cairo-contracts.git#88083c4c2a1096ddff766b5d28d89dce6d090f3d"
dependencies = [
 "openzeppelin_introspection",
 "openzeppelin_utils",
]

[[package]]
name = "openzeppelin_finance"
version = "1.0.0"
source = "git+https://github.com/OpenZeppelin/cairo-contracts.git#88083c4c2a1096ddff766b5d28d89dce6d090f3d"
dependencies = [
 "openzeppelin_access",
 "openzeppelin_token",
]

[[package]]
name = "openzeppelin_governance"
version = "1.0.0"
source = "git+https://github.com/OpenZeppelin/cairo-contracts.git#88083c4c2a1096ddff766b5d28d89dce6d090f3d"
dependencies = [
 "openzeppelin_access",
 "openzeppelin_account",
 "openzeppelin_introspection",
 "openzeppelin_token",
 "openzeppelin_utils",
]

[[package]]
name = "openzeppelin_introspection"
version = "1.0.0"
source = "git+https://github.com/OpenZeppelin/cairo-contracts.git#88083c4c2a1096ddff766b5d28d89dce6d090f3d"

[[package]]
name = "openzeppelin_merkle_tree"
version = "1.0.0"
source = "git+https://github.com/OpenZeppelin/cairo-contracts.git#88083c4c2a1096ddff766b5d28d89dce6d090f3d"

[[package]]
name = "openzeppelin_presets"
version = "1.0.0"
source = "git+https://github.com/OpenZeppelin/cairo-contracts.git#88083c4c2a1096ddff766b5d28d89dce6d090f3d"
dependencies = [
 "openzeppelin_access",
 "openzeppelin_account",
 "openzeppelin_finance",
 "openzeppelin_introspection",
 "openzeppelin_token",
 "openzeppelin_upgrades",
 "openzeppelin_utils",
]

[[package]]
name = "openzeppelin_security"
version = "1.0.0"
source = "git+https://github.com/OpenZeppelin/cairo-contracts.git#88083c4c2a1096ddff766b5d28d89dce6d090f3d"

[[package]]
name = "openzeppelin_token"
version = "1.0.0"
source = "git+https://github.com/OpenZeppelin/cairo-contracts.git#88083c4c2a1096ddff766b5d28d89dce6d090f3d"
dependencies = [
 "openzeppelin_access",
 "openzeppelin_account",
 "openzeppelin_introspection",
 "openzeppelin_utils",
]

[[package]]
name = "openzeppelin_upgrades"
version = "1.0.0"
source = "git+https://github.com/OpenZeppelin/cairo-contracts.git#88083c4c2a1096ddff766b5d28d89dce6d090f3d"

[[package]]
name = "openzeppelin_utils"
version = "1.0.0"
source = "git+https://github.com/OpenZeppelin/cairo-contracts.git#88083c4c2a1096ddff766b5d28d89dce6d090f3d"

[[package]]
name = "pragma_lib"
version = "1.0.0"
source = "git+https://github.com/astraly-labs/pragma-lib?tag=2.9.2#cf9c4ccf51e8294f4502392b296062a167295ee2"
dependencies = [
 "openzeppelin",
]

[[package]]
name = "snforge_scarb_plugin"
version = "0.37.0"
source = "git+https://github.com/foundry-rs/starknet-foundry?tag=v0.37.0#05c840d1b4367088296225284e2d722256778f58"

[[package]]
name = "snforge_std"
version = "0.37.0"
source = "git+https://github.com/foundry-rs/starknet-foundry?tag=v0.37.0#05c840d1b4367088296225284e2d722256778f58"
dependencies = [
 "snforge_scarb_plugin",
]
